
Microsoft Visual Studio Solution File, Format Version 12.00
# Visual Studio 15
VisualStudioVersion = 15.0.27130.2027
MinimumVisualStudioVersion = 10.0.40219.1
Project("{FAE04EC0-301F-11D3-BF4B-00C04F79EFBC}") = "FunctionsGenerator", "FunctionsGenerator\FunctionsGenerator.csproj", "{EC4862D2-A976-4645-8937-31668F6608AB}"
EndProject
Project("{FAE04EC0-301F-11D3-BF4B-00C04F79EFBC}") = "DataGenerator", "DataGenerator\DataGenerator.csproj", "{3578E247-576C-4CED-B8AF-98C4E0761F16}"
EndProject
Project("{FAE04EC0-301F-11D3-BF4B-00C04F79EFBC}") = "RandomCalculator", "RandomCalculator\RandomCalculator.csproj", "{1FB2C54B-2C28-433F-B44F-2E2C20977E79}"
EndProject
Project("{FAE04EC0-301F-11D3-BF4B-00C04F79EFBC}") = "GeneratorTest", "GeneratorTest\GeneratorTest.csproj", "{AA9144C3-771A-4674-BAE4-5EA166E77912}"
EndProject
Global
	GlobalSection(SolutionConfigurationPlatforms) = preSolution
		Debug|Any CPU = Debug|Any CPU
		Release|Any CPU = Release|Any CPU
	EndGlobalSection
	GlobalSection(ProjectConfigurationPlatforms) = postSolution
		{EC4862D2-A976-4645-8937-31668F6608AB}.Debug|Any CPU.ActiveCfg = Debug|Any CPU
		{EC4862D2-A976-4645-8937-31668F6608AB}.Debug|Any CPU.Build.0 = Debug|Any CPU
		{EC4862D2-A976-4645-8937-31668F6608AB}.Release|Any CPU.ActiveCfg = Release|Any CPU
		{EC4862D2-A976-4645-8937-31668F6608AB}.Release|Any CPU.Build.0 = Release|Any CPU
		{3578E247-576C-4CED-B8AF-98C4E0761F16}.Debug|Any CPU.ActiveCfg = Debug|Any CPU
		{3578E247-576C-4CED-B8AF-98C4E0761F16}.Debug|Any CPU.Build.0 = Debug|Any CPU
		{3578E247-576C-4CED-B8AF-98C4E0761F16}.Release|Any CPU.ActiveCfg = Release|Any CPU
		{3578E247-576C-4CED-B8AF-98C4E0761F16}.Release|Any CPU.Build.0 = Release|Any CPU
		{1FB2C54B-2C28-433F-B44F-2E2C20977E79}.Debug|Any CPU.ActiveCfg = Debug|Any CPU
		{1FB2C54B-2C28-433F-B44F-2E2C20977E79}.Debug|Any CPU.Build.0 = Debug|Any CPU
		{1FB2C54B-2C28-433F-B44F-2E2C20977E79}.Release|Any CPU.ActiveCfg = Release|Any CPU
		{1FB2C54B-2C28-433F-B44F-2E2C20977E79}.Release|Any CPU.Build.0 = Release|Any CPU
		{AA9144C3-771A-4674-BAE4-5EA166E77912}.Debug|Any CPU.ActiveCfg = Debug|Any CPU
		{AA9144C3-771A-4674-BAE4-5EA166E77912}.Debug|Any CPU.Build.0 = Debug|Any CPU
		{AA9144C3-771A-4674-BAE4-5EA166E77912}.Release|Any CPU.ActiveCfg = Release|Any CPU
		{AA9144C3-771A-4674-BAE4-5EA166E77912}.Release|Any CPU.Build.0 = Release|Any CPU
	EndGlobalSection
	GlobalSection(SolutionProperties) = preSolution
		HideSolutionNode = FALSE
	EndGlobalSection
	GlobalSection(ExtensibilityGlobals) = postSolution
		SolutionGuid = {A3044842-FB86-464B-9536-FDE9A01F94C3}
	EndGlobalSection
EndGlobal
